
Microsoft Visual Studio Solution File, Format Version 12.00
# Visual Studio Version 17
VisualStudioVersion = 17.14.36518.9 d17.14
MinimumVisualStudioVersion = 10.0.40219.1
Project("{FAE04EC0-301F-11D3-BF4B-00C04F79EFBC}") = "exercicio2", "exercicio2\exercicio2.csproj", "{26AEB1A5-6110-480D-8A8D-77A6E5813FA0}"
EndProject
Global
	GlobalSection(SolutionConfigurationPlatforms) = preSolution
		Debug|Any CPU = Debug|Any CPU
		Release|Any CPU = Release|Any CPU
	EndGlobalSection
	GlobalSection(ProjectConfigurationPlatforms) = postSolution
		{26AEB1A5-6110-480D-8A8D-77A6E5813FA0}.Debug|Any CPU.ActiveCfg = Debug|Any CPU
		{26AEB1A5-6110-480D-8A8D-77A6E5813FA0}.Debug|Any CPU.Build.0 = Debug|Any CPU
		{26AEB1A5-6110-480D-8A8D-77A6E5813FA0}.Release|Any CPU.ActiveCfg = Release|Any CPU
		{26AEB1A5-6110-480D-8A8D-77A6E5813FA0}.Release|Any CPU.Build.0 = Release|Any CPU
	EndGlobalSection
	GlobalSection(SolutionProperties) = preSolution
		HideSolutionNode = FALSE
	EndGlobalSection
	GlobalSection(ExtensibilityGlobals) = postSolution
		SolutionGuid = {072A1CF6-C41A-4823-8CF7-1580C47844F4}
	EndGlobalSection
EndGlobal
