
Microsoft Visual Studio Solution File, Format Version 12.00
# Visual Studio Version 17
VisualStudioVersion = 17.14.36518.9 d17.14
MinimumVisualStudioVersion = 10.0.40219.1
Project("{FAE04EC0-301F-11D3-BF4B-00C04F79EFBC}") = "PROJETO_POO_CRUD", "PROJETO_POO_CRUD\PROJETO_POO_CRUD.csproj", "{F109F718-6943-46D6-A2BD-55801ABF7E4F}"
EndProject
Global
	GlobalSection(SolutionConfigurationPlatforms) = preSolution
		Debug|Any CPU = Debug|Any CPU
		Release|Any CPU = Release|Any CPU
	EndGlobalSection
	GlobalSection(ProjectConfigurationPlatforms) = postSolution
		{F109F718-6943-46D6-A2BD-55801ABF7E4F}.Debug|Any CPU.ActiveCfg = Debug|Any CPU
		{F109F718-6943-46D6-A2BD-55801ABF7E4F}.Debug|Any CPU.Build.0 = Debug|Any CPU
		{F109F718-6943-46D6-A2BD-55801ABF7E4F}.Release|Any CPU.ActiveCfg = Release|Any CPU
		{F109F718-6943-46D6-A2BD-55801ABF7E4F}.Release|Any CPU.Build.0 = Release|Any CPU
	EndGlobalSection
	GlobalSection(SolutionProperties) = preSolution
		HideSolutionNode = FALSE
	EndGlobalSection
	GlobalSection(ExtensibilityGlobals) = postSolution
		SolutionGuid = {1D5E2B1A-B23D-4610-A970-6B98AA0411A4}
	EndGlobalSection
EndGlobal
